
Microsoft Visual Studio Solution File, Format Version 12.00
# Visual Studio Version 17
VisualStudioVersion = 17.2.32505.173
MinimumVisualStudioVersion = 10.0.40219.1
Project("{9A19103F-16F7-4668-BE54-9A1E7A4F7556}") = "TMATDashboardApp", "TMATDashboardApp\TMATDashboardApp.csproj", "{28439D8A-E275-4786-A25B-3F939DA991CA}"
EndProject
Project("{2150E333-8FDC-42A3-9474-1A3956D46DE8}") = "Solution Items", "Solution Items", "{491DAF0D-7A35-468F-92B1-03A15CFACC30}"
	ProjectSection(SolutionItems) = preProject
		..\..\..\Downloads\irig106utils-master\irig106utils\src\idmptmat.c = ..\..\..\Downloads\irig106utils-master\irig106utils\src\idmptmat.c
	EndProjectSection
EndProject
Global
	GlobalSection(SolutionConfigurationPlatforms) = preSolution
		Debug|Any CPU = Debug|Any CPU
		Release|Any CPU = Release|Any CPU
	EndGlobalSection
	GlobalSection(ProjectConfigurationPlatforms) = postSolution
		{28439D8A-E275-4786-A25B-3F939DA991CA}.Debug|Any CPU.ActiveCfg = Debug|Any CPU
		{28439D8A-E275-4786-A25B-3F939DA991CA}.Debug|Any CPU.Build.0 = Debug|Any CPU
		{28439D8A-E275-4786-A25B-3F939DA991CA}.Release|Any CPU.ActiveCfg = Release|Any CPU
		{28439D8A-E275-4786-A25B-3F939DA991CA}.Release|Any CPU.Build.0 = Release|Any CPU
	EndGlobalSection
	GlobalSection(SolutionProperties) = preSolution
		HideSolutionNode = FALSE
	EndGlobalSection
	GlobalSection(ExtensibilityGlobals) = postSolution
		SolutionGuid = {3D6EE38E-543B-4BCA-BF6B-0C77A72E0358}
	EndGlobalSection
EndGlobal
